
Microsoft Visual Studio Solution File, Format Version 12.00
# Visual Studio Version 17
VisualStudioVersion = 17.8.34511.84
MinimumVisualStudioVersion = 10.0.40219.1
Project("{FAE04EC0-301F-11D3-BF4B-00C04F79EFBC}") = "Entities", "Entities\Entities.csproj", "{6C8E26E3-3030-4D6E-8E20-97B346592810}"
EndProject
Project("{FAE04EC0-301F-11D3-BF4B-00C04F79EFBC}") = "Core", "Core\Core.csproj", "{F3CE93C3-0658-4311-AC1D-D090F84497E6}"
EndProject
Project("{FAE04EC0-301F-11D3-BF4B-00C04F79EFBC}") = "DataAccess", "DataAccess\DataAccess.csproj", "{DF70A3BE-D79E-41D8-82AC-64F114512734}"
EndProject
Project("{FAE04EC0-301F-11D3-BF4B-00C04F79EFBC}") = "Business", "Business\Business.csproj", "{DA4FE8FD-014B-49B7-B920-373B61A856A0}"
EndProject
Project("{FAE04EC0-301F-11D3-BF4B-00C04F79EFBC}") = "WebAPI", "WebAPI\WebAPI.csproj", "{00F933A4-9920-4506-BB8C-F53B6A3A8B02}"
EndProject
Global
	GlobalSection(SolutionConfigurationPlatforms) = preSolution
		Debug|Any CPU = Debug|Any CPU
		Release|Any CPU = Release|Any CPU
	EndGlobalSection
	GlobalSection(ProjectConfigurationPlatforms) = postSolution
		{6C8E26E3-3030-4D6E-8E20-97B346592810}.Debug|Any CPU.ActiveCfg = Debug|Any CPU
		{6C8E26E3-3030-4D6E-8E20-97B346592810}.Debug|Any CPU.Build.0 = Debug|Any CPU
		{6C8E26E3-3030-4D6E-8E20-97B346592810}.Release|Any CPU.ActiveCfg = Release|Any CPU
		{6C8E26E3-3030-4D6E-8E20-97B346592810}.Release|Any CPU.Build.0 = Release|Any CPU
		{F3CE93C3-0658-4311-AC1D-D090F84497E6}.Debug|Any CPU.ActiveCfg = Debug|Any CPU
		{F3CE93C3-0658-4311-AC1D-D090F84497E6}.Debug|Any CPU.Build.0 = Debug|Any CPU
		{F3CE93C3-0658-4311-AC1D-D090F84497E6}.Release|Any CPU.ActiveCfg = Release|Any CPU
		{F3CE93C3-0658-4311-AC1D-D090F84497E6}.Release|Any CPU.Build.0 = Release|Any CPU
		{DF70A3BE-D79E-41D8-82AC-64F114512734}.Debug|Any CPU.ActiveCfg = Debug|Any CPU
		{DF70A3BE-D79E-41D8-82AC-64F114512734}.Debug|Any CPU.Build.0 = Debug|Any CPU
		{DF70A3BE-D79E-41D8-82AC-64F114512734}.Release|Any CPU.ActiveCfg = Release|Any CPU
		{DF70A3BE-D79E-41D8-82AC-64F114512734}.Release|Any CPU.Build.0 = Release|Any CPU
		{DA4FE8FD-014B-49B7-B920-373B61A856A0}.Debug|Any CPU.ActiveCfg = Debug|Any CPU
		{DA4FE8FD-014B-49B7-B920-373B61A856A0}.Debug|Any CPU.Build.0 = Debug|Any CPU
		{DA4FE8FD-014B-49B7-B920-373B61A856A0}.Release|Any CPU.ActiveCfg = Release|Any CPU
		{DA4FE8FD-014B-49B7-B920-373B61A856A0}.Release|Any CPU.Build.0 = Release|Any CPU
		{00F933A4-9920-4506-BB8C-F53B6A3A8B02}.Debug|Any CPU.ActiveCfg = Debug|Any CPU
		{00F933A4-9920-4506-BB8C-F53B6A3A8B02}.Debug|Any CPU.Build.0 = Debug|Any CPU
		{00F933A4-9920-4506-BB8C-F53B6A3A8B02}.Release|Any CPU.ActiveCfg = Release|Any CPU
		{00F933A4-9920-4506-BB8C-F53B6A3A8B02}.Release|Any CPU.Build.0 = Release|Any CPU
	EndGlobalSection
	GlobalSection(SolutionProperties) = preSolution
		HideSolutionNode = FALSE
	EndGlobalSection
	GlobalSection(ExtensibilityGlobals) = postSolution
		SolutionGuid = {44E9A41B-07D7-4DA8-ACF4-313D3011A3F8}
	EndGlobalSection
EndGlobal
